
Microsoft Visual Studio Solution File, Format Version 12.00
# Visual Studio Version 16
VisualStudioVersion = 16.0.30907.101
MinimumVisualStudioVersion = 10.0.40219.1
Project("{888888A0-9F3D-457C-B088-3A5042F75D52}") = "app", "app.pyproj", "{E0CD13BE-A6B7-47FB-8E25-4A13813CD3BD}"
EndProject
Global
	GlobalSection(SolutionConfigurationPlatforms) = preSolution
		Debug|Any CPU = Debug|Any CPU
		Release|Any CPU = Release|Any CPU
	EndGlobalSection
	GlobalSection(ProjectConfigurationPlatforms) = postSolution
		{E0CD13BE-A6B7-47FB-8E25-4A13813CD3BD}.Debug|Any CPU.ActiveCfg = Debug|Any CPU
		{E0CD13BE-A6B7-47FB-8E25-4A13813CD3BD}.Release|Any CPU.ActiveCfg = Release|Any CPU
	EndGlobalSection
	GlobalSection(SolutionProperties) = preSolution
		HideSolutionNode = FALSE
	EndGlobalSection
	GlobalSection(ExtensibilityGlobals) = postSolution
		SolutionGuid = {56A892E6-D1F2-4694-9141-16BAD67E190A}
	EndGlobalSection
EndGlobal
